
Microsoft Visual Studio Solution File, Format Version 12.00
# Visual Studio Version 16
VisualStudioVersion = 16.0.31624.102
MinimumVisualStudioVersion = 10.0.40219.1
Project("{9A19103F-16F7-4668-BE54-9A1E7A4F7556}") = "RazorPages_MasterDetailApp", "RazorPages_MasterDetailApp\RazorPages_MasterDetailApp.csproj", "{D23E0C78-DE7F-432B-A2A0-008DEC62BF5C}"
EndProject
Global
	GlobalSection(SolutionConfigurationPlatforms) = preSolution
		Debug|Any CPU = Debug|Any CPU
		Release|Any CPU = Release|Any CPU
	EndGlobalSection
	GlobalSection(ProjectConfigurationPlatforms) = postSolution
		{D23E0C78-DE7F-432B-A2A0-008DEC62BF5C}.Debug|Any CPU.ActiveCfg = Debug|Any CPU
		{D23E0C78-DE7F-432B-A2A0-008DEC62BF5C}.Debug|Any CPU.Build.0 = Debug|Any CPU
		{D23E0C78-DE7F-432B-A2A0-008DEC62BF5C}.Release|Any CPU.ActiveCfg = Release|Any CPU
		{D23E0C78-DE7F-432B-A2A0-008DEC62BF5C}.Release|Any CPU.Build.0 = Release|Any CPU
	EndGlobalSection
	GlobalSection(SolutionProperties) = preSolution
		HideSolutionNode = FALSE
	EndGlobalSection
	GlobalSection(ExtensibilityGlobals) = postSolution
		SolutionGuid = {A42554E3-386B-4A3F-90BF-7F528755E11C}
	EndGlobalSection
EndGlobal
